<?xml version="1.0" encoding="UTF-8"?>
<CONFIG>
  <ProjectOptions>
    <Version Value="12"/>
    <General>
      <Flags>
        <CompatibilityMode Value="True"/>
      </Flags>
      <SessionStorage Value="InProjectDir"/>
      <AutoCreateForms Value="False"/>
      <Title Value="project1"/>
      <Scaled Value="True"/>
      <ResourceType Value="res"/>
      <UseXPManifest Value="True"/>
      <XPManifest>
        <DpiAware Value="True"/>
      </XPManifest>
      <Icon Value="0"/>
    </General>
    <BuildModes Count="1">
      <Item1 Name="Default" Default="True"/>
    </BuildModes>
    <PublishOptions>
      <Version Value="2"/>
    </PublishOptions>
    <RunParams>
      <FormatVersion Value="2"/>
    </RunParams>
    <RequiredPackages Count="5">
      <Item1>
        <PackageName Value="LazControls"/>
      </Item1>
      <Item2>
        <PackageName Value="FCL"/>
      </Item2>
      <Item3>
        <PackageName Value="rxnew"/>
      </Item3>
      <Item4>
        <PackageName Value="atol_ecr"/>
      </Item4>
      <Item5>
        <PackageName Value="LCL"/>
      </Item5>
    </RequiredPackages>
    <Units Count="14">
      <Unit0>
        <Filename Value="project1.lpr"/>
        <IsPartOfProject Value="True"/>
      </Unit0>
      <Unit1>
        <Filename Value="v10mainunit.pas"/>
        <IsPartOfProject Value="True"/>
        <ComponentName Value="MainForm"/>
        <HasResources Value="True"/>
        <ResourceBaseClass Value="Form"/>
        <UnitName Value="v10MainUnit"/>
      </Unit1>
      <Unit2>
        <Filename Value="tv10globalunit.pas"/>
        <IsPartOfProject Value="True"/>
        <ComponentName Value="ConfigFrame"/>
        <HasResources Value="True"/>
        <ResourceBaseClass Value="Frame"/>
      </Unit2>
      <Unit3>
        <Filename Value="frames/v10systemparamsunit.pas"/>
        <IsPartOfProject Value="True"/>
        <ComponentName Value="v10SystemParamsFrame"/>
        <HasResources Value="True"/>
        <ResourceBaseClass Value="Frame"/>
      </Unit3>
      <Unit4>
        <Filename Value="frames/v10tradeunit.pas"/>
        <IsPartOfProject Value="True"/>
        <ComponentName Value="v10TradeFrame"/>
        <HasResources Value="True"/>
        <ResourceBaseClass Value="Frame"/>
      </Unit4>
      <Unit5>
        <Filename Value="frames/v10crptunit.pas"/>
        <IsPartOfProject Value="True"/>
        <ComponentName Value="v10CRPTFrame"/>
        <HasResources Value="True"/>
        <ResourceBaseClass Value="Frame"/>
        <UnitName Value="v10CRPTUnit"/>
      </Unit5>
      <Unit6>
        <Filename Value="frames/v10simpletestunit.pas"/>
        <IsPartOfProject Value="True"/>
        <ComponentName Value="v10SimpleTestFrame"/>
        <HasResources Value="True"/>
        <ResourceBaseClass Value="Frame"/>
        <UnitName Value="v10SimpleTestUnit"/>
      </Unit6>
      <Unit7>
        <Filename Value="frames/v10reportsunit.pas"/>
        <IsPartOfProject Value="True"/>
        <ComponentName Value="v10ReportsFrame"/>
        <HasResources Value="True"/>
        <ResourceBaseClass Value="Frame"/>
        <UnitName Value="v10ReportsUnit"/>
      </Unit7>
      <Unit8>
        <Filename Value="frames/v10serviceunit.pas"/>
        <IsPartOfProject Value="True"/>
        <ComponentName Value="v10ServiceFrame"/>
        <HasResources Value="True"/>
        <ResourceBaseClass Value="Frame"/>
        <UnitName Value="v10ServiceUnit"/>
      </Unit8>
      <Unit9>
        <Filename Value="frames/v10otherunit.pas"/>
        <IsPartOfProject Value="True"/>
        <ComponentName Value="v10OtherFrame"/>
        <HasResources Value="True"/>
        <ResourceBaseClass Value="Frame"/>
        <UnitName Value="v10OtherUnit"/>
      </Unit9>
      <Unit10>
        <Filename Value="frames/v10orgparamsunit.pas"/>
        <IsPartOfProject Value="True"/>
        <ComponentName Value="v10OrgParamsFrame"/>
        <HasResources Value="True"/>
        <ResourceBaseClass Value="Frame"/>
        <UnitName Value="v10OrgParamsUnit"/>
      </Unit10>
      <Unit11>
        <Filename Value="frames/v10markingunit.pas"/>
        <IsPartOfProject Value="True"/>
        <ComponentName Value="v10MarkingFrame"/>
        <HasResources Value="True"/>
        <ResourceBaseClass Value="Frame"/>
        <UnitName Value="v10MarkingUnit"/>
      </Unit11>
      <Unit12>
        <Filename Value="frames/v10registercheckffd1_2unit.pas"/>
        <IsPartOfProject Value="True"/>
        <ComponentName Value="v10RegisterCheckFFD1_2Frame"/>
        <HasResources Value="True"/>
        <ResourceBaseClass Value="Frame"/>
        <UnitName Value="v10RegisterCheckFFD1_2Unit"/>
      </Unit12>
      <Unit13>
        <Filename Value="frames/v10registercheckcmpunit.pas"/>
        <IsPartOfProject Value="True"/>
        <ComponentName Value="v10RegisterCheckCmpFrame"/>
        <HasResources Value="True"/>
        <ResourceBaseClass Value="Frame"/>
        <UnitName Value="v10RegisterCheckCmpUnit"/>
      </Unit13>
    </Units>
  </ProjectOptions>
  <CompilerOptions>
    <Version Value="11"/>
    <Target>
      <Filename Value="project1"/>
    </Target>
    <SearchPaths>
      <IncludeFiles Value="$(ProjOutDir)"/>
      <OtherUnitFiles Value="frames"/>
      <UnitOutputDirectory Value="lib/$(TargetCPU)-$(TargetOS)"/>
    </SearchPaths>
    <Linking>
      <Debugging>
        <DebugInfoType Value="dsDwarf3"/>
      </Debugging>
      <Options>
        <Win32>
          <GraphicApplication Value="True"/>
        </Win32>
      </Options>
    </Linking>
  </CompilerOptions>
  <Debugging>
    <Exceptions Count="3">
      <Item1>
        <Name Value="EAbort"/>
      </Item1>
      <Item2>
        <Name Value="ECodetoolError"/>
      </Item2>
      <Item3>
        <Name Value="EFOpenError"/>
      </Item3>
    </Exceptions>
  </Debugging>
</CONFIG>
